// !$*UTF8*$!
{
	archiveVersion = 1;
	classes = {
	};
	objectVersion = 51;
	objects = {

/* Begin PBXBuildFile section */
		363C98BB26247A320066C859 /* AppDelegate.swift in Sources */ = {isa = PBXBuildFile; fileRef = 363C98BA26247A320066C859 /* AppDelegate.swift */; };
		363C98BD26247A320066C859 /* SceneDelegate.swift in Sources */ = {isa = PBXBuildFile; fileRef = 363C98BC26247A320066C859 /* SceneDelegate.swift */; };
		363C98C426247A360066C859 /* Assets.xcassets in Resources */ = {isa = PBXBuildFile; fileRef = 363C98C326247A360066C859 /* Assets.xcassets */; };
		363C98C726247A360066C859 /* LaunchScreen.storyboard in Resources */ = {isa = PBXBuildFile; fileRef = 363C98C526247A360066C859 /* LaunchScreen.storyboard */; };
		363C98D1262481860066C859 /* LoginViewController.swift in Sources */ = {isa = PBXBuildFile; fileRef = 363C98D0262481860066C859 /* LoginViewController.swift */; };
		363C98DA2624BD230066C859 /* TextFieldWithPadding.swift in Sources */ = {isa = PBXBuildFile; fileRef = 363C98D92624BD230066C859 /* TextFieldWithPadding.swift */; };
		363C98F12625025E0066C859 /* Question.swift in Sources */ = {isa = PBXBuildFile; fileRef = 363C98ED2625025E0066C859 /* Question.swift */; };
		363C98F22625025E0066C859 /* Quiz.swift in Sources */ = {isa = PBXBuildFile; fileRef = 363C98EE2625025E0066C859 /* Quiz.swift */; };
		363C98F32625025E0066C859 /* LoginStatus.swift in Sources */ = {isa = PBXBuildFile; fileRef = 363C98EF2625025E0066C859 /* LoginStatus.swift */; };
		363C98F42625025E0066C859 /* QuizCategory.swift in Sources */ = {isa = PBXBuildFile; fileRef = 363C98F02625025E0066C859 /* QuizCategory.swift */; };
		363C98FD2625DAE80066C859 /* DataService.swift in Sources */ = {isa = PBXBuildFile; fileRef = 363C98FB2625DAE70066C859 /* DataService.swift */; };
		363C98FE2625DAE80066C859 /* DataServiceProtocol.swift in Sources */ = {isa = PBXBuildFile; fileRef = 363C98FC2625DAE80066C859 /* DataServiceProtocol.swift */; };
		363C99012625F3670066C859 /* QuizzesViewController.swift in Sources */ = {isa = PBXBuildFile; fileRef = 363C99002625F3670066C859 /* QuizzesViewController.swift */; };
		363C990726260D030066C859 /* QuizCell.swift in Sources */ = {isa = PBXBuildFile; fileRef = 363C990626260D030066C859 /* QuizCell.swift */; };
		363C990D262769460066C859 /* QuizHeaderView.swift in Sources */ = {isa = PBXBuildFile; fileRef = 363C990C262769460066C859 /* QuizHeaderView.swift */; };
		6A3285B299DB954FA5905497 /* Pods_QuizApp.framework in Frameworks */ = {isa = PBXBuildFile; fileRef = 2DE21159D914DE0F023DF757 /* Pods_QuizApp.framework */; };
/* End PBXBuildFile section */

/* Begin PBXFileReference section */
		2DE21159D914DE0F023DF757 /* Pods_QuizApp.framework */ = {isa = PBXFileReference; explicitFileType = wrapper.framework; includeInIndex = 0; path = Pods_QuizApp.framework; sourceTree = BUILT_PRODUCTS_DIR; };
		363C98B726247A320066C859 /* QuizApp.app */ = {isa = PBXFileReference; explicitFileType = wrapper.application; includeInIndex = 0; path = QuizApp.app; sourceTree = BUILT_PRODUCTS_DIR; };
		363C98BA26247A320066C859 /* AppDelegate.swift */ = {isa = PBXFileReference; lastKnownFileType = sourcecode.swift; path = AppDelegate.swift; sourceTree = "<group>"; };
		363C98BC26247A320066C859 /* SceneDelegate.swift */ = {isa = PBXFileReference; lastKnownFileType = sourcecode.swift; path = SceneDelegate.swift; sourceTree = "<group>"; };
		363C98C326247A360066C859 /* Assets.xcassets */ = {isa = PBXFileReference; lastKnownFileType = folder.assetcatalog; path = Assets.xcassets; sourceTree = "<group>"; };
		363C98C626247A360066C859 /* Base */ = {isa = PBXFileReference; lastKnownFileType = file.storyboard; name = Base; path = Base.lproj/LaunchScreen.storyboard; sourceTree = "<group>"; };
		363C98C826247A360066C859 /* Info.plist */ = {isa = PBXFileReference; lastKnownFileType = text.plist.xml; path = Info.plist; sourceTree = "<group>"; };
		363C98D0262481860066C859 /* LoginViewController.swift */ = {isa = PBXFileReference; lastKnownFileType = sourcecode.swift; path = LoginViewController.swift; sourceTree = "<group>"; };
		363C98D92624BD230066C859 /* TextFieldWithPadding.swift */ = {isa = PBXFileReference; lastKnownFileType = sourcecode.swift; path = TextFieldWithPadding.swift; sourceTree = "<group>"; };
		363C98ED2625025E0066C859 /* Question.swift */ = {isa = PBXFileReference; fileEncoding = 4; lastKnownFileType = sourcecode.swift; name = Question.swift; path = "../../../../Downloads/Data 2/Models/Question.swift"; sourceTree = "<group>"; };
		363C98EE2625025E0066C859 /* Quiz.swift */ = {isa = PBXFileReference; fileEncoding = 4; lastKnownFileType = sourcecode.swift; name = Quiz.swift; path = "../../../../Downloads/Data 2/Models/Quiz.swift"; sourceTree = "<group>"; };
		363C98EF2625025E0066C859 /* LoginStatus.swift */ = {isa = PBXFileReference; fileEncoding = 4; lastKnownFileType = sourcecode.swift; name = LoginStatus.swift; path = "../../../../Downloads/Data 2/Models/LoginStatus.swift"; sourceTree = "<group>"; };
		363C98F02625025E0066C859 /* QuizCategory.swift */ = {isa = PBXFileReference; fileEncoding = 4; lastKnownFileType = sourcecode.swift; name = QuizCategory.swift; path = "../../../../Downloads/Data 2/Models/QuizCategory.swift"; sourceTree = "<group>"; };
		363C98FB2625DAE70066C859 /* DataService.swift */ = {isa = PBXFileReference; fileEncoding = 4; lastKnownFileType = sourcecode.swift; name = DataService.swift; path = "../../../../Downloads/Data 3/DataService.swift"; sourceTree = "<group>"; };
		363C98FC2625DAE80066C859 /* DataServiceProtocol.swift */ = {isa = PBXFileReference; fileEncoding = 4; lastKnownFileType = sourcecode.swift; name = DataServiceProtocol.swift; path = "../../../../Downloads/Data 3/DataServiceProtocol.swift"; sourceTree = "<group>"; };
		363C99002625F3670066C859 /* QuizzesViewController.swift */ = {isa = PBXFileReference; lastKnownFileType = sourcecode.swift; path = QuizzesViewController.swift; sourceTree = "<group>"; };
		363C990626260D030066C859 /* QuizCell.swift */ = {isa = PBXFileReference; lastKnownFileType = sourcecode.swift; path = QuizCell.swift; sourceTree = "<group>"; };
		363C990C262769460066C859 /* QuizHeaderView.swift */ = {isa = PBXFileReference; lastKnownFileType = sourcecode.swift; path = QuizHeaderView.swift; sourceTree = "<group>"; };
		674DCF541104A0F41753FB3D /* Pods-QuizApp.release.xcconfig */ = {isa = PBXFileReference; includeInIndex = 1; lastKnownFileType = text.xcconfig; name = "Pods-QuizApp.release.xcconfig"; path = "Target Support Files/Pods-QuizApp/Pods-QuizApp.release.xcconfig"; sourceTree = "<group>"; };
		84C21A7BFE485EAB4AEE7F0E /* Pods-QuizApp.debug.xcconfig */ = {isa = PBXFileReference; includeInIndex = 1; lastKnownFileType = text.xcconfig; name = "Pods-QuizApp.debug.xcconfig"; path = "Target Support Files/Pods-QuizApp/Pods-QuizApp.debug.xcconfig"; sourceTree = "<group>"; };
/* End PBXFileReference section */

/* Begin PBXFrameworksBuildPhase section */
		363C98B426247A320066C859 /* Frameworks */ = {
			isa = PBXFrameworksBuildPhase;
			buildActionMask = 2147483647;
			files = (
				6A3285B299DB954FA5905497 /* Pods_QuizApp.framework in Frameworks */,
			);
			runOnlyForDeploymentPostprocessing = 0;
		};
/* End PBXFrameworksBuildPhase section */

/* Begin PBXGroup section */
		0BFE6A13E5E0EFC75FA1106B /* Frameworks */ = {
			isa = PBXGroup;
			children = (
				2DE21159D914DE0F023DF757 /* Pods_QuizApp.framework */,
			);
			name = Frameworks;
			sourceTree = "<group>";
		};
		363C98AE26247A320066C859 = {
			isa = PBXGroup;
			children = (
				363C98B926247A320066C859 /* QuizApp */,
				363C98B826247A320066C859 /* Products */,
				D8352AC48B646C9E99E22E18 /* Pods */,
				0BFE6A13E5E0EFC75FA1106B /* Frameworks */,
			);
			sourceTree = "<group>";
		};
		363C98B826247A320066C859 /* Products */ = {
			isa = PBXGroup;
			children = (
				363C98B726247A320066C859 /* QuizApp.app */,
			);
			name = Products;
			sourceTree = "<group>";
		};
		363C98B926247A320066C859 /* QuizApp */ = {
			isa = PBXGroup;
			children = (
				363C98BA26247A320066C859 /* AppDelegate.swift */,
				363C98BC26247A320066C859 /* SceneDelegate.swift */,
				363C98C326247A360066C859 /* Assets.xcassets */,
				363C98C526247A360066C859 /* LaunchScreen.storyboard */,
				363C98C826247A360066C859 /* Info.plist */,
				363C98D0262481860066C859 /* LoginViewController.swift */,
				363C98D92624BD230066C859 /* TextFieldWithPadding.swift */,
				363C98EF2625025E0066C859 /* LoginStatus.swift */,
				363C98ED2625025E0066C859 /* Question.swift */,
				363C98EE2625025E0066C859 /* Quiz.swift */,
				363C98F02625025E0066C859 /* QuizCategory.swift */,
				363C98FB2625DAE70066C859 /* DataService.swift */,
				363C98FC2625DAE80066C859 /* DataServiceProtocol.swift */,
				363C99002625F3670066C859 /* QuizzesViewController.swift */,
				363C990626260D030066C859 /* QuizCell.swift */,
				363C990C262769460066C859 /* QuizHeaderView.swift */,
			);
			path = QuizApp;
			sourceTree = "<group>";
		};
		D8352AC48B646C9E99E22E18 /* Pods */ = {
			isa = PBXGroup;
			children = (
				84C21A7BFE485EAB4AEE7F0E /* Pods-QuizApp.debug.xcconfig */,
				674DCF541104A0F41753FB3D /* Pods-QuizApp.release.xcconfig */,
			);
			path = Pods;
			sourceTree = "<group>";
		};
/* End PBXGroup section */

/* Begin PBXNativeTarget section */
		363C98B626247A320066C859 /* QuizApp */ = {
			isa = PBXNativeTarget;
			buildConfigurationList = 363C98CB26247A360066C859 /* Build configuration list for PBXNativeTarget "QuizApp" */;
			buildPhases = (
				951E6F6999B71489329F8386 /* [CP] Check Pods Manifest.lock */,
				363C98B326247A320066C859 /* Sources */,
				363C98B426247A320066C859 /* Frameworks */,
				363C98B526247A320066C859 /* Resources */,
				13F3A4E426F631108A1346CD /* [CP] Embed Pods Frameworks */,
			);
			buildRules = (
			);
			dependencies = (
			);
			name = QuizApp;
			productName = QuizApp;
			productReference = 363C98B726247A320066C859 /* QuizApp.app */;
			productType = "com.apple.product-type.application";
		};
/* End PBXNativeTarget section */

/* Begin PBXProject section */
		363C98AF26247A320066C859 /* Project object */ = {
			isa = PBXProject;
			attributes = {
				LastSwiftUpdateCheck = 1230;
				LastUpgradeCheck = 1230;
				TargetAttributes = {
					363C98B626247A320066C859 = {
						CreatedOnToolsVersion = 12.3;
					};
				};
			};
			buildConfigurationList = 363C98B226247A320066C859 /* Build configuration list for PBXProject "QuizApp" */;
			compatibilityVersion = "Xcode 9.3";
			developmentRegion = en;
			hasScannedForEncodings = 0;
			knownRegions = (
				en,
				Base,
			);
			mainGroup = 363C98AE26247A320066C859;
			productRefGroup = 363C98B826247A320066C859 /* Products */;
			projectDirPath = "";
			projectRoot = "";
			targets = (
				363C98B626247A320066C859 /* QuizApp */,
			);
		};
/* End PBXProject section */

/* Begin PBXResourcesBuildPhase section */
		363C98B526247A320066C859 /* Resources */ = {
			isa = PBXResourcesBuildPhase;
			buildActionMask = 2147483647;
			files = (
				363C98C726247A360066C859 /* LaunchScreen.storyboard in Resources */,
				363C98C426247A360066C859 /* Assets.xcassets in Resources */,
			);
			runOnlyForDeploymentPostprocessing = 0;
		};
/* End PBXResourcesBuildPhase section */

/* Begin PBXShellScriptBuildPhase section */
		13F3A4E426F631108A1346CD /* [CP] Embed Pods Frameworks */ = {
			isa = PBXShellScriptBuildPhase;
			buildActionMask = 2147483647;
			files = (
			);
			inputFileListPaths = (
				"${PODS_ROOT}/Target Support Files/Pods-QuizApp/Pods-QuizApp-frameworks-${CONFIGURATION}-input-files.xcfilelist",
			);
			name = "[CP] Embed Pods Frameworks";
			outputFileListPaths = (
				"${PODS_ROOT}/Target Support Files/Pods-QuizApp/Pods-QuizApp-frameworks-${CONFIGURATION}-output-files.xcfilelist",
			);
			runOnlyForDeploymentPostprocessing = 0;
			shellPath = /bin/sh;
			shellScript = "\"${PODS_ROOT}/Target Support Files/Pods-QuizApp/Pods-QuizApp-frameworks.sh\"\n";
			showEnvVarsInLog = 0;
		};
		951E6F6999B71489329F8386 /* [CP] Check Pods Manifest.lock */ = {
			isa = PBXShellScriptBuildPhase;
			buildActionMask = 2147483647;
			files = (
			);
			inputFileListPaths = (
			);
			inputPaths = (
				"${PODS_PODFILE_DIR_PATH}/Podfile.lock",
				"${PODS_ROOT}/Manifest.lock",
			);
			name = "[CP] Check Pods Manifest.lock";
			outputFileListPaths = (
			);
			outputPaths = (
				"$(DERIVED_FILE_DIR)/Pods-QuizApp-checkManifestLockResult.txt",
			);
			runOnlyForDeploymentPostprocessing = 0;
			shellPath = /bin/sh;
			shellScript = "diff \"${PODS_PODFILE_DIR_PATH}/Podfile.lock\" \"${PODS_ROOT}/Manifest.lock\" > /dev/null\nif [ $? != 0 ] ; then\n    # print error to STDERR\n    echo \"error: The sandbox is not in sync with the Podfile.lock. Run 'pod install' or update your CocoaPods installation.\" >&2\n    exit 1\nfi\n# This output is used by Xcode 'outputs' to avoid re-running this script phase.\necho \"SUCCESS\" > \"${SCRIPT_OUTPUT_FILE_0}\"\n";
			showEnvVarsInLog = 0;
		};
/* End PBXShellScriptBuildPhase section */

/* Begin PBXSourcesBuildPhase section */
		363C98B326247A320066C859 /* Sources */ = {
			isa = PBXSourcesBuildPhase;
			buildActionMask = 2147483647;
			files = (
				363C98FD2625DAE80066C859 /* DataService.swift in Sources */,
				363C98F42625025E0066C859 /* QuizCategory.swift in Sources */,
				363C98D1262481860066C859 /* LoginViewController.swift in Sources */,
				363C98DA2624BD230066C859 /* TextFieldWithPadding.swift in Sources */,
				363C98BB26247A320066C859 /* AppDelegate.swift in Sources */,
				363C99012625F3670066C859 /* QuizzesViewController.swift in Sources */,
				363C98FE2625DAE80066C859 /* DataServiceProtocol.swift in Sources */,
				363C990726260D030066C859 /* QuizCell.swift in Sources */,
				363C98BD26247A320066C859 /* SceneDelegate.swift in Sources */,
				363C98F12625025E0066C859 /* Question.swift in Sources */,
				363C990D262769460066C859 /* QuizHeaderView.swift in Sources */,
				363C98F22625025E0066C859 /* Quiz.swift in Sources */,
				363C98F32625025E0066C859 /* LoginStatus.swift in Sources */,
			);
			runOnlyForDeploymentPostprocessing = 0;
		};
/* End PBXSourcesBuildPhase section */

/* Begin PBXVariantGroup section */
		363C98C526247A360066C859 /* LaunchScreen.storyboard */ = {
			isa = PBXVariantGroup;
			children = (
				363C98C626247A360066C859 /* Base */,
			);
			name = LaunchScreen.storyboard;
			sourceTree = "<group>";
		};
/* End PBXVariantGroup section */

/* Begin XCBuildConfiguration section */
		363C98C926247A360066C859 /* Debug */ = {
			isa = XCBuildConfiguration;
			buildSettings = {
				ALWAYS_SEARCH_USER_PATHS = NO;
				CLANG_ANALYZER_NONNULL = YES;
				CLANG_ANALYZER_NUMBER_OBJECT_CONVERSION = YES_AGGRESSIVE;
				CLANG_CXX_LANGUAGE_STANDARD = "gnu++14";
				CLANG_CXX_LIBRARY = "libc++";
				CLANG_ENABLE_MODULES = YES;
				CLANG_ENABLE_OBJC_ARC = YES;
				CLANG_ENABLE_OBJC_WEAK = YES;
				CLANG_WARN_BLOCK_CAPTURE_AUTORELEASING = YES;
				CLANG_WARN_BOOL_CONVERSION = YES;
				CLANG_WARN_COMMA = YES;
				CLANG_WARN_CONSTANT_CONVERSION = YES;
				CLANG_WARN_DEPRECATED_OBJC_IMPLEMENTATIONS = YES;
				CLANG_WARN_DIRECT_OBJC_ISA_USAGE = YES_ERROR;
				CLANG_WARN_DOCUMENTATION_COMMENTS = YES;
				CLANG_WARN_EMPTY_BODY = YES;
				CLANG_WARN_ENUM_CONVERSION = YES;
				CLANG_WARN_INFINITE_RECURSION = YES;
				CLANG_WARN_INT_CONVERSION = YES;
				CLANG_WARN_NON_LITERAL_NULL_CONVERSION = YES;
				CLANG_WARN_OBJC_IMPLICIT_RETAIN_SELF = YES;
				CLANG_WARN_OBJC_LITERAL_CONVERSION = YES;
				CLANG_WARN_OBJC_ROOT_CLASS = YES_ERROR;
				CLANG_WARN_QUOTED_INCLUDE_IN_FRAMEWORK_HEADER = YES;
				CLANG_WARN_RANGE_LOOP_ANALYSIS = YES;
				CLANG_WARN_STRICT_PROTOTYPES = YES;
				CLANG_WARN_SUSPICIOUS_MOVE = YES;
				CLANG_WARN_UNGUARDED_AVAILABILITY = YES_AGGRESSIVE;
				CLANG_WARN_UNREACHABLE_CODE = YES;
				CLANG_WARN__DUPLICATE_METHOD_MATCH = YES;
				COPY_PHASE_STRIP = NO;
				DEBUG_INFORMATION_FORMAT = dwarf;
				ENABLE_STRICT_OBJC_MSGSEND = YES;
				ENABLE_TESTABILITY = YES;
				GCC_C_LANGUAGE_STANDARD = gnu11;
				GCC_DYNAMIC_NO_PIC = NO;
				GCC_NO_COMMON_BLOCKS = YES;
				GCC_OPTIMIZATION_LEVEL = 0;
				GCC_PREPROCESSOR_DEFINITIONS = (
					"DEBUG=1",
					"$(inherited)",
				);
				GCC_WARN_64_TO_32_BIT_CONVERSION = YES;
				GCC_WARN_ABOUT_RETURN_TYPE = YES_ERROR;
				GCC_WARN_UNDECLARED_SELECTOR = YES;
				GCC_WARN_UNINITIALIZED_AUTOS = YES_AGGRESSIVE;
				GCC_WARN_UNUSED_FUNCTION = YES;
				GCC_WARN_UNUSED_VARIABLE = YES;
				IPHONEOS_DEPLOYMENT_TARGET = 14.3;
				MTL_ENABLE_DEBUG_INFO = INCLUDE_SOURCE;
				MTL_FAST_MATH = YES;
				ONLY_ACTIVE_ARCH = YES;
				SDKROOT = iphoneos;
				SWIFT_ACTIVE_COMPILATION_CONDITIONS = DEBUG;
				SWIFT_OPTIMIZATION_LEVEL = "-Onone";
			};
			name = Debug;
		};
		363C98CA26247A360066C859 /* Release */ = {
			isa = XCBuildConfiguration;
			buildSettings = {
				ALWAYS_SEARCH_USER_PATHS = NO;
				CLANG_ANALYZER_NONNULL = YES;
				CLANG_ANALYZER_NUMBER_OBJECT_CONVERSION = YES_AGGRESSIVE;
				CLANG_CXX_LANGUAGE_STANDARD = "gnu++14";
				CLANG_CXX_LIBRARY = "libc++";
				CLANG_ENABLE_MODULES = YES;
				CLANG_ENABLE_OBJC_ARC = YES;
				CLANG_ENABLE_OBJC_WEAK = YES;
				CLANG_WARN_BLOCK_CAPTURE_AUTORELEASING = YES;
				CLANG_WARN_BOOL_CONVERSION = YES;
				CLANG_WARN_COMMA = YES;
				CLANG_WARN_CONSTANT_CONVERSION = YES;
				CLANG_WARN_DEPRECATED_OBJC_IMPLEMENTATIONS = YES;
				CLANG_WARN_DIRECT_OBJC_ISA_USAGE = YES_ERROR;
				CLANG_WARN_DOCUMENTATION_COMMENTS = YES;
				CLANG_WARN_EMPTY_BODY = YES;
				CLANG_WARN_ENUM_CONVERSION = YES;
				CLANG_WARN_INFINITE_RECURSION = YES;
				CLANG_WARN_INT_CONVERSION = YES;
				CLANG_WARN_NON_LITERAL_NULL_CONVERSION = YES;
				CLANG_WARN_OBJC_IMPLICIT_RETAIN_SELF = YES;
				CLANG_WARN_OBJC_LITERAL_CONVERSION = YES;
				CLANG_WARN_OBJC_ROOT_CLASS = YES_ERROR;
				CLANG_WARN_QUOTED_INCLUDE_IN_FRAMEWORK_HEADER = YES;
				CLANG_WARN_RANGE_LOOP_ANALYSIS = YES;
				CLANG_WARN_STRICT_PROTOTYPES = YES;
				CLANG_WARN_SUSPICIOUS_MOVE = YES;
				CLANG_WARN_UNGUARDED_AVAILABILITY = YES_AGGRESSIVE;
				CLANG_WARN_UNREACHABLE_CODE = YES;
				CLANG_WARN__DUPLICATE_METHOD_MATCH = YES;
				COPY_PHASE_STRIP = NO;
				DEBUG_INFORMATION_FORMAT = "dwarf-with-dsym";
				ENABLE_NS_ASSERTIONS = NO;
				ENABLE_STRICT_OBJC_MSGSEND = YES;
				GCC_C_LANGUAGE_STANDARD = gnu11;
				GCC_NO_COMMON_BLOCKS = YES;
				GCC_WARN_64_TO_32_BIT_CONVERSION = YES;
				GCC_WARN_ABOUT_RETURN_TYPE = YES_ERROR;
				GCC_WARN_UNDECLARED_SELECTOR = YES;
				GCC_WARN_UNINITIALIZED_AUTOS = YES_AGGRESSIVE;
				GCC_WARN_UNUSED_FUNCTION = YES;
				GCC_WARN_UNUSED_VARIABLE = YES;
				IPHONEOS_DEPLOYMENT_TARGET = 14.3;
				MTL_ENABLE_DEBUG_INFO = NO;
				MTL_FAST_MATH = YES;
				SDKROOT = iphoneos;
				SWIFT_COMPILATION_MODE = wholemodule;
				SWIFT_OPTIMIZATION_LEVEL = "-O";
				VALIDATE_PRODUCT = YES;
			};
			name = Release;
		};
		363C98CC26247A360066C859 /* Debug */ = {
			isa = XCBuildConfiguration;
			baseConfigurationReference = 84C21A7BFE485EAB4AEE7F0E /* Pods-QuizApp.debug.xcconfig */;
			buildSettings = {
				ASSETCATALOG_COMPILER_APPICON_NAME = AppIcon;
				ASSETCATALOG_COMPILER_GLOBAL_ACCENT_COLOR_NAME = AccentColor;
				CODE_SIGN_STYLE = Automatic;
				INFOPLIST_FILE = QuizApp/Info.plist;
				LD_RUNPATH_SEARCH_PATHS = (
					"$(inherited)",
					"@executable_path/Frameworks",
				);
				PRODUCT_BUNDLE_IDENTIFIER = com.ursac.QuizApp;
				PRODUCT_NAME = "$(TARGET_NAME)";
				SWIFT_VERSION = 5.0;
				TARGETED_DEVICE_FAMILY = "1,2";
			};
			name = Debug;
		};
		363C98CD26247A360066C859 /* Release */ = {
			isa = XCBuildConfiguration;
			baseConfigurationReference = 674DCF541104A0F41753FB3D /* Pods-QuizApp.release.xcconfig */;
			buildSettings = {
				ASSETCATALOG_COMPILER_APPICON_NAME = AppIcon;
				ASSETCATALOG_COMPILER_GLOBAL_ACCENT_COLOR_NAME = AccentColor;
				CODE_SIGN_STYLE = Automatic;
				INFOPLIST_FILE = QuizApp/Info.plist;
				LD_RUNPATH_SEARCH_PATHS = (
					"$(inherited)",
					"@executable_path/Frameworks",
				);
				PRODUCT_BUNDLE_IDENTIFIER = com.ursac.QuizApp;
				PRODUCT_NAME = "$(TARGET_NAME)";
				SWIFT_VERSION = 5.0;
				TARGETED_DEVICE_FAMILY = "1,2";
			};
			name = Release;
		};
/* End XCBuildConfiguration section */

/* Begin XCConfigurationList section */
		363C98B226247A320066C859 /* Build configuration list for PBXProject "QuizApp" */ = {
			isa = XCConfigurationList;
			buildConfigurations = (
				363C98C926247A360066C859 /* Debug */,
				363C98CA26247A360066C859 /* Release */,
			);
			defaultConfigurationIsVisible = 0;
			defaultConfigurationName = Release;
		};
		363C98CB26247A360066C859 /* Build configuration list for PBXNativeTarget "QuizApp" */ = {
			isa = XCConfigurationList;
			buildConfigurations = (
				363C98CC26247A360066C859 /* Debug */,
				363C98CD26247A360066C859 /* Release */,
			);
			defaultConfigurationIsVisible = 0;
			defaultConfigurationName = Release;
		};
/* End XCConfigurationList section */
	};
	rootObject = 363C98AF26247A320066C859 /* Project object */;
}
